
Microsoft Visual Studio Solution File, Format Version 12.00
# Visual Studio Version 17
VisualStudioVersion = 17.0.31903.59
MinimumVisualStudioVersion = 10.0.40219.1
Project("{FAE04EC0-301F-11D3-BF4B-00C04F79EFBC}") = "MigrationsDemo", "MigrationsDemo\MigrationsDemo.csproj", "{0C347005-4081-4C05-B691-7EB1C40535EE}"
EndProject
Global
	GlobalSection(SolutionConfigurationPlatforms) = preSolution
		Debug|Any CPU = Debug|Any CPU
		Release|Any CPU = Release|Any CPU
	EndGlobalSection
	GlobalSection(ProjectConfigurationPlatforms) = postSolution
		{0C347005-4081-4C05-B691-7EB1C40535EE}.Debug|Any CPU.ActiveCfg = Debug|Any CPU
		{0C347005-4081-4C05-B691-7EB1C40535EE}.Debug|Any CPU.Build.0 = Debug|Any CPU
		{0C347005-4081-4C05-B691-7EB1C40535EE}.Release|Any CPU.ActiveCfg = Release|Any CPU
		{0C347005-4081-4C05-B691-7EB1C40535EE}.Release|Any CPU.Build.0 = Release|Any CPU
	EndGlobalSection
	GlobalSection(SolutionProperties) = preSolution
		HideSolutionNode = FALSE
	EndGlobalSection
	GlobalSection(ExtensibilityGlobals) = postSolution
		SolutionGuid = {FEB97362-C9CF-4634-909B-E307BFCB38F9}
	EndGlobalSection
EndGlobal
